{
  "name": "animate-page",
  "version": "0.1.0",
  "lockfileVersion": 3,
  "requires": true,
  "packages": {
    "": {
      "name": "animate-page",
      "version": "0.1.0",
      "dependencies": {
        "framer-motion": "^10.12.16",
        "next": "13.4.4",
        "react": "18.2.0",
        "react-dom": "18.2.0",
        "react-tsparticles": "^2.10.1",
        "tsparticles": "^2.10.1"
      }
    },
    "node_modules/@emotion/is-prop-valid": {
      "version": "0.8.8",
      "resolved": "https://registry.npmjs.org/@emotion/is-prop-valid/-/is-prop-valid-0.8.8.tgz",
      "integrity": "sha512-u5WtneEAr5IDG2Wv65yhunPSMLIpuKsbuOktRojfrEiEvRyC85LgPMZI63cr7NUqT8ZIGdSVg8ZKGxIug4lXcA==",
      "optional": true,
      "dependencies": {
        "@emotion/memoize": "0.7.4"
      }
    },
    "node_modules/@emotion/memoize": {
      "version": "0.7.4",
      "resolved": "https://registry.npmjs.org/@emotion/memoize/-/memoize-0.7.4.tgz",
      "integrity": "sha512-Ja/Vfqe3HpuzRsG1oBtWTHk2PGZ7GR+2Vz5iYGelAw8dx32K0y7PjVuxK6z1nMpZOqAFsRUPCkK1YjJ56qJlgw==",
      "optional": true
    },
    "node_modules/@next/env": {
      "version": "13.4.4",
      "resolved": "https://registry.npmjs.org/@next/env/-/env-13.4.4.tgz",
      "integrity": "sha512-q/y7VZj/9YpgzDe64Zi6rY1xPizx80JjlU2BTevlajtaE3w1LqweH1gGgxou2N7hdFosXHjGrI4OUvtFXXhGLg=="
    },
    "node_modules/@next/swc-darwin-arm64": {
      "version": "13.4.4",
      "resolved": "https://registry.npmjs.org/@next/swc-darwin-arm64/-/swc-darwin-arm64-13.4.4.tgz",
      "integrity": "sha512-xfjgXvp4KalNUKZMHmsFxr1Ug+aGmmO6NWP0uoh4G3WFqP/mJ1xxfww0gMOeMeSq/Jyr5k7DvoZ2Pv+XOITTtw==",
      "cpu": [
        "arm64"
      ],
      "optional": true,
      "os": [
        "darwin"
      ],
      "engines": {
        "node": ">= 10"
      }
    },
    "node_modules/@next/swc-darwin-x64": {
      "version": "13.4.4",
      "resolved": "https://registry.npmjs.org/@next/swc-darwin-x64/-/swc-darwin-x64-13.4.4.tgz",
      "integrity": "sha512-ZY9Ti1hkIwJsxGus3nlubIkvYyB0gNOYxKrfsOrLEqD0I2iCX8D7w8v6QQZ2H+dDl6UT29oeEUdDUNGk4UEpfg==",
      "cpu": [
        "x64"
      ],
      "optional": true,
      "os": [
        "darwin"
      ],
      "engines": {
        "node": ">= 10"
      }
    },
    "node_modules/@next/swc-linux-arm64-gnu": {
      "version": "13.4.4",
      "resolved": "https://registry.npmjs.org/@next/swc-linux-arm64-gnu/-/swc-linux-arm64-gnu-13.4.4.tgz",
      "integrity": "sha512-+KZnDeMShYkpkqAvGCEDeqYTRADJXc6SY1jWXz+Uo6qWQO/Jd9CoyhTJwRSxvQA16MoYzvILkGaDqirkRNctyA==",
      "cpu": [
        "arm64"
      ],
      "optional": true,
      "os": [
        "linux"
      ],
      "engines": {
        "node": ">= 10"
      }
    },
    "node_modules/@next/swc-linux-arm64-musl": {
      "version": "13.4.4",
      "resolved": "https://registry.npmjs.org/@next/swc-linux-arm64-musl/-/swc-linux-arm64-musl-13.4.4.tgz",
      "integrity": "sha512-evC1twrny2XDT4uOftoubZvW3EG0zs0ZxMwEtu/dDGVRO5n5pT48S8qqEIBGBUZYu/Xx4zzpOkIxx1vpWdE+9A==",
      "cpu": [
        "arm64"
      ],
      "optional": true,
      "os": [
        "linux"
      ],
      "engines": {
        "node": ">= 10"
      }
    },
    "node_modules/@next/swc-linux-x64-gnu": {
      "version": "13.4.4",
      "resolved": "https://registry.npmjs.org/@next/swc-linux-x64-gnu/-/swc-linux-x64-gnu-13.4.4.tgz",
      "integrity": "sha512-PX706XcCHr2FfkyhP2lpf+pX/tUvq6/ke7JYnnr0ykNdEMo+sb7cC/o91gnURh4sPYSiZJhsF2gbIqg9rciOHQ==",
      "cpu": [
        "x64"
      ],
      "optional": true,
      "os": [
        "linux"
      ],
      "engines": {
        "node": ">= 10"
      }
    },
    "node_modules/@next/swc-linux-x64-musl": {
      "version": "13.4.4",
      "resolved": "https://registry.npmjs.org/@next/swc-linux-x64-musl/-/swc-linux-x64-musl-13.4.4.tgz",
      "integrity": "sha512-TKUUx3Ftd95JlHV6XagEnqpT204Y+IsEa3awaYIjayn0MOGjgKZMZibqarK3B1FsMSPaieJf2FEAcu9z0yT5aA==",
      "cpu": [
        "x64"
      ],
      "optional": true,
      "os": [
        "linux"
      ],
      "engines": {
        "node": ">= 10"
      }
    },
    "node_modules/@next/swc-win32-arm64-msvc": {
      "version": "13.4.4",
      "resolved": "https://registry.npmjs.org/@next/swc-win32-arm64-msvc/-/swc-win32-arm64-msvc-13.4.4.tgz",
      "integrity": "sha512-FP8AadgSq4+HPtim7WBkCMGbhr5vh9FePXiWx9+YOdjwdQocwoCK5ZVC3OW8oh3TWth6iJ0AXJ/yQ1q1cwSZ3A==",
      "cpu": [
        "arm64"
      ],
      "optional": true,
      "os": [
        "win32"
      ],
      "engines": {
        "node": ">= 10"
      }
    },
    "node_modules/@next/swc-win32-ia32-msvc": {
      "version": "13.4.4",
      "resolved": "https://registry.npmjs.org/@next/swc-win32-ia32-msvc/-/swc-win32-ia32-msvc-13.4.4.tgz",
      "integrity": "sha512-3WekVmtuA2MCdcAOrgrI+PuFiFURtSyyrN1I3UPtS0ckR2HtLqyqmS334Eulf15g1/bdwMteePdK363X/Y9JMg==",
      "cpu": [
        "ia32"
      ],
      "optional": true,
      "os": [
        "win32"
      ],
      "engines": {
        "node": ">= 10"
      }
    },
    "node_modules/@next/swc-win32-x64-msvc": {
      "version": "13.4.4",
      "resolved": "https://registry.npmjs.org/@next/swc-win32-x64-msvc/-/swc-win32-x64-msvc-13.4.4.tgz",
      "integrity": "sha512-AHRITu/CrlQ+qzoqQtEMfaTu7GHaQ6bziQln/pVWpOYC1wU+Mq6VQQFlsDtMCnDztPZtppAXdvvbNS7pcfRzlw==",
      "cpu": [
        "x64"
      ],
      "optional": true,
      "os": [
        "win32"
      ],
      "engines": {
        "node": ">= 10"
      }
    },
    "node_modules/@swc/helpers": {
      "version": "0.5.1",
      "resolved": "https://registry.npmjs.org/@swc/helpers/-/helpers-0.5.1.tgz",
      "integrity": "sha512-sJ902EfIzn1Fa+qYmjdQqh8tPsoxyBz+8yBKC2HKUxyezKJFwPGOn7pv4WY6QuQW//ySQi5lJjA/ZT9sNWWNTg==",
      "dependencies": {
        "tslib": "^2.4.0"
      }
    },
    "node_modules/busboy": {
      "version": "1.6.0",
      "resolved": "https://registry.npmjs.org/busboy/-/busboy-1.6.0.tgz",
      "integrity": "sha512-8SFQbg/0hQ9xy3UNTB0YEnsNBbWfhf7RtnzpL7TkBiTBRfrQ9Fxcnz7VJsleJpyp6rVLvXiuORqjlHi5q+PYuA==",
      "dependencies": {
        "streamsearch": "^1.1.0"
      },
      "engines": {
        "node": ">=10.16.0"
      }
    },
    "node_modules/caniuse-lite": {
      "version": "1.0.30001495",
      "resolved": "https://registry.npmjs.org/caniuse-lite/-/caniuse-lite-1.0.30001495.tgz",
      "integrity": "sha512-F6x5IEuigtUfU5ZMQK2jsy5JqUUlEFRVZq8bO2a+ysq5K7jD6PPc9YXZj78xDNS3uNchesp1Jw47YXEqr+Viyg==",
      "funding": [
        {
          "type": "opencollective",
          "url": "https://opencollective.com/browserslist"
        },
        {
          "type": "tidelift",
          "url": "https://tidelift.com/funding/github/npm/caniuse-lite"
        },
        {
          "type": "github",
          "url": "https://github.com/sponsors/ai"
        }
      ]
    },
    "node_modules/client-only": {
      "version": "0.0.1",
      "resolved": "https://registry.npmjs.org/client-only/-/client-only-0.0.1.tgz",
      "integrity": "sha512-IV3Ou0jSMzZrd3pZ48nLkT9DA7Ag1pnPzaiQhpW7c3RbcqqzvzzVu+L8gfqMp/8IM2MQtSiqaCxrrcfu8I8rMA=="
    },
    "node_modules/deep-eql": {
      "version": "4.1.3",
      "resolved": "https://registry.npmjs.org/deep-eql/-/deep-eql-4.1.3.tgz",
      "integrity": "sha512-WaEtAOpRA1MQ0eohqZjpGD8zdI0Ovsm8mmFhaDN8dvDZzyoUMcYDnf5Y6iu7HTXxf8JDS23qWa4a+hKCDyOPzw==",
      "dependencies": {
        "type-detect": "^4.0.0"
      },
      "engines": {
        "node": ">=6"
      }
    },
    "node_modules/framer-motion": {
      "version": "10.12.16",
      "resolved": "https://registry.npmjs.org/framer-motion/-/framer-motion-10.12.16.tgz",
      "integrity": "sha512-w/SfWEIWJkYSgRHYBmln7EhcNo31ao8Xexol8lGXf1pR/tlnBtf1HcxoUmEiEh6pacB4/geku5ami53AAQWHMQ==",
      "dependencies": {
        "tslib": "^2.4.0"
      },
      "optionalDependencies": {
        "@emotion/is-prop-valid": "^0.8.2"
      },
      "peerDependencies": {
        "react": "^18.0.0",
        "react-dom": "^18.0.0"
      },
      "peerDependenciesMeta": {
        "react": {
          "optional": true
        },
        "react-dom": {
          "optional": true
        }
      }
    },
    "node_modules/js-tokens": {
      "version": "4.0.0",
      "resolved": "https://registry.npmjs.org/js-tokens/-/js-tokens-4.0.0.tgz",
      "integrity": "sha512-RdJUflcE3cUzKiMqQgsCu06FPu9UdIJO0beYbPhHN4k6apgJtifcoCtT9bcxOpYBtpD2kCM6Sbzg4CausW/PKQ=="
    },
    "node_modules/loose-envify": {
      "version": "1.4.0",
      "resolved": "https://registry.npmjs.org/loose-envify/-/loose-envify-1.4.0.tgz",
      "integrity": "sha512-lyuxPGr/Wfhrlem2CL/UcnUc1zcqKAImBDzukY7Y5F/yQiNdko6+fRLevlw1HgMySw7f611UIY408EtxRSoK3Q==",
      "dependencies": {
        "js-tokens": "^3.0.0 || ^4.0.0"
      },
      "bin": {
        "loose-envify": "cli.js"
      }
    },
    "node_modules/nanoid": {
      "version": "3.3.6",
      "resolved": "https://registry.npmjs.org/nanoid/-/nanoid-3.3.6.tgz",
      "integrity": "sha512-BGcqMMJuToF7i1rt+2PWSNVnWIkGCU78jBG3RxO/bZlnZPK2Cmi2QaffxGO/2RvWi9sL+FAiRiXMgsyxQ1DIDA==",
      "funding": [
        {
          "type": "github",
          "url": "https://github.com/sponsors/ai"
        }
      ],
      "bin": {
        "nanoid": "bin/nanoid.cjs"
      },
      "engines": {
        "node": "^10 || ^12 || ^13.7 || ^14 || >=15.0.1"
      }
    },
    "node_modules/next": {
      "version": "13.4.4",
      "resolved": "https://registry.npmjs.org/next/-/next-13.4.4.tgz",
      "integrity": "sha512-C5S0ysM0Ily9McL4Jb48nOQHT1BukOWI59uC3X/xCMlYIh9rJZCv7nzG92J6e1cOBqQbKovlpgvHWFmz4eKKEA==",
      "dependencies": {
        "@next/env": "13.4.4",
        "@swc/helpers": "0.5.1",
        "busboy": "1.6.0",
        "caniuse-lite": "^1.0.30001406",
        "postcss": "8.4.14",
        "styled-jsx": "5.1.1",
        "zod": "3.21.4"
      },
      "bin": {
        "next": "dist/bin/next"
      },
      "engines": {
        "node": ">=16.8.0"
      },
      "optionalDependencies": {
        "@next/swc-darwin-arm64": "13.4.4",
        "@next/swc-darwin-x64": "13.4.4",
        "@next/swc-linux-arm64-gnu": "13.4.4",
        "@next/swc-linux-arm64-musl": "13.4.4",
        "@next/swc-linux-x64-gnu": "13.4.4",
        "@next/swc-linux-x64-musl": "13.4.4",
        "@next/swc-win32-arm64-msvc": "13.4.4",
        "@next/swc-win32-ia32-msvc": "13.4.4",
        "@next/swc-win32-x64-msvc": "13.4.4"
      },
      "peerDependencies": {
        "@opentelemetry/api": "^1.1.0",
        "fibers": ">= 3.1.0",
        "react": "^18.2.0",
        "react-dom": "^18.2.0",
        "sass": "^1.3.0"
      },
      "peerDependenciesMeta": {
        "@opentelemetry/api": {
          "optional": true
        },
        "fibers": {
          "optional": true
        },
        "sass": {
          "optional": true
        }
      }
    },
    "node_modules/picocolors": {
      "version": "1.0.0",
      "resolved": "https://registry.npmjs.org/picocolors/-/picocolors-1.0.0.tgz",
      "integrity": "sha512-1fygroTLlHu66zi26VoTDv8yRgm0Fccecssto+MhsZ0D/DGW2sm8E8AjW7NU5VVTRt5GxbeZ5qBuJr+HyLYkjQ=="
    },
    "node_modules/postcss": {
      "version": "8.4.14",
      "resolved": "https://registry.npmjs.org/postcss/-/postcss-8.4.14.tgz",
      "integrity": "sha512-E398TUmfAYFPBSdzgeieK2Y1+1cpdxJx8yXbK/m57nRhKSmk1GB2tO4lbLBtlkfPQTDKfe4Xqv1ASWPpayPEig==",
      "funding": [
        {
          "type": "opencollective",
          "url": "https://opencollective.com/postcss/"
        },
        {
          "type": "tidelift",
          "url": "https://tidelift.com/funding/github/npm/postcss"
        }
      ],
      "dependencies": {
        "nanoid": "^3.3.4",
        "picocolors": "^1.0.0",
        "source-map-js": "^1.0.2"
      },
      "engines": {
        "node": "^10 || ^12 || >=14"
      }
    },
    "node_modules/react": {
      "version": "18.2.0",
      "resolved": "https://registry.npmjs.org/react/-/react-18.2.0.tgz",
      "integrity": "sha512-/3IjMdb2L9QbBdWiW5e3P2/npwMBaU9mHCSCUzNln0ZCYbcfTsGbTJrU/kGemdH2IWmB2ioZ+zkxtmq6g09fGQ==",
      "dependencies": {
        "loose-envify": "^1.1.0"
      },
      "engines": {
        "node": ">=0.10.0"
      }
    },
    "node_modules/react-dom": {
      "version": "18.2.0",
      "resolved": "https://registry.npmjs.org/react-dom/-/react-dom-18.2.0.tgz",
      "integrity": "sha512-6IMTriUmvsjHUjNtEDudZfuDQUoWXVxKHhlEGSk81n4YFS+r/Kl99wXiwlVXtPBtJenozv2P+hxDsw9eA7Xo6g==",
      "dependencies": {
        "loose-envify": "^1.1.0",
        "scheduler": "^0.23.0"
      },
      "peerDependencies": {
        "react": "^18.2.0"
      }
    },
    "node_modules/react-tsparticles": {
      "version": "2.10.1",
      "resolved": "https://registry.npmjs.org/react-tsparticles/-/react-tsparticles-2.10.1.tgz",
      "integrity": "sha512-l/xzw9ZOV9M0WJTsZh6AE0SQ9gqZCeGpLsKdm5rr6qWk1DEOd/szbQca3DQENTjQNXXwqZZjKuoAOomnLlRvuA==",
      "funding": [
        {
          "type": "github",
          "url": "https://github.com/sponsors/matteobruni"
        },
        {
          "type": "github",
          "url": "https://github.com/sponsors/tsparticles"
        },
        {
          "type": "buymeacoffee",
          "url": "https://www.buymeacoffee.com/matteobruni"
        }
      ],
      "hasInstallScript": true,
      "dependencies": {
        "deep-eql": "^4.1.3",
        "tsparticles-engine": "^2.10.1"
      },
      "peerDependencies": {
        "react": ">=16"
      }
    },
    "node_modules/scheduler": {
      "version": "0.23.0",
      "resolved": "https://registry.npmjs.org/scheduler/-/scheduler-0.23.0.tgz",
      "integrity": "sha512-CtuThmgHNg7zIZWAXi3AsyIzA3n4xx7aNyjwC2VJldO2LMVDhFK+63xGqq6CsJH4rTAt6/M+N4GhZiDYPx9eUw==",
      "dependencies": {
        "loose-envify": "^1.1.0"
      }
    },
    "node_modules/source-map-js": {
      "version": "1.0.2",
      "resolved": "https://registry.npmjs.org/source-map-js/-/source-map-js-1.0.2.tgz",
      "integrity": "sha512-R0XvVJ9WusLiqTCEiGCmICCMplcCkIwwR11mOSD9CR5u+IXYdiseeEuXCVAjS54zqwkLcPNnmU4OeJ6tUrWhDw==",
      "engines": {
        "node": ">=0.10.0"
      }
    },
    "node_modules/streamsearch": {
      "version": "1.1.0",
      "resolved": "https://registry.npmjs.org/streamsearch/-/streamsearch-1.1.0.tgz",
      "integrity": "sha512-Mcc5wHehp9aXz1ax6bZUyY5afg9u2rv5cqQI3mRrYkGC8rW2hM02jWuwjtL++LS5qinSyhj2QfLyNsuc+VsExg==",
      "engines": {
        "node": ">=10.0.0"
      }
    },
    "node_modules/styled-jsx": {
      "version": "5.1.1",
      "resolved": "https://registry.npmjs.org/styled-jsx/-/styled-jsx-5.1.1.tgz",
      "integrity": "sha512-pW7uC1l4mBZ8ugbiZrcIsiIvVx1UmTfw7UkC3Um2tmfUq9Bhk8IiyEIPl6F8agHgjzku6j0xQEZbfA5uSgSaCw==",
      "dependencies": {
        "client-only": "0.0.1"
      },
      "engines": {
        "node": ">= 12.0.0"
      },
      "peerDependencies": {
        "react": ">= 16.8.0 || 17.x.x || ^18.0.0-0"
      },
      "peerDependenciesMeta": {
        "@babel/core": {
          "optional": true
        },
        "babel-plugin-macros": {
          "optional": true
        }
      }
    },
    "node_modules/tslib": {
      "version": "2.5.3",
      "resolved": "https://registry.npmjs.org/tslib/-/tslib-2.5.3.tgz",
      "integrity": "sha512-mSxlJJwl3BMEQCUNnxXBU9jP4JBktcEGhURcPR6VQVlnP0FdDEsIaz0C35dXNGLyRfrATNofF0F5p2KPxQgB+w=="
    },
    "node_modules/tsparticles": {
      "version": "2.10.1",
      "resolved": "https://registry.npmjs.org/tsparticles/-/tsparticles-2.10.1.tgz",
      "integrity": "sha512-MIPty6UvjRDbFBtnXjedr68WrxlCSa4XmNND7beRcqqdUb+fQKy/3u64sZ15qBQ4JVV5GcvKYijlOGbmTU3SCw==",
      "funding": [
        {
          "type": "github",
          "url": "https://github.com/sponsors/matteobruni"
        },
        {
          "type": "github",
          "url": "https://github.com/sponsors/tsparticles"
        },
        {
          "type": "buymeacoffee",
          "url": "https://www.buymeacoffee.com/matteobruni"
        }
      ],
      "dependencies": {
        "tsparticles-engine": "^2.10.1",
        "tsparticles-interaction-external-trail": "^2.10.1",
        "tsparticles-plugin-absorbers": "^2.10.1",
        "tsparticles-plugin-emitters": "^2.10.1",
        "tsparticles-slim": "^2.10.1",
        "tsparticles-updater-destroy": "^2.10.1",
        "tsparticles-updater-roll": "^2.10.1",
        "tsparticles-updater-tilt": "^2.10.1",
        "tsparticles-updater-twinkle": "^2.10.1",
        "tsparticles-updater-wobble": "^2.10.1"
      }
    },
    "node_modules/tsparticles-engine": {
      "version": "2.10.1",
      "resolved": "https://registry.npmjs.org/tsparticles-engine/-/tsparticles-engine-2.10.1.tgz",
      "integrity": "sha512-DV2gYsbChyiXYIZYgnXtKHSAZdvnNMJpVf9Cw0gO7vjQ6pcgLAeyboRtvsaTfwKZNzzA7BeSf1lVhgGxorL4CQ==",
      "funding": [
        {
          "type": "github",
          "url": "https://github.com/sponsors/matteobruni"
        },
        {
          "type": "github",
          "url": "https://github.com/sponsors/tsparticles"
        },
        {
          "type": "buymeacoffee",
          "url": "https://www.buymeacoffee.com/matteobruni"
        }
      ],
      "hasInstallScript": true
    },
    "node_modules/tsparticles-interaction-external-attract": {
      "version": "2.10.1",
      "resolved": "https://registry.npmjs.org/tsparticles-interaction-external-attract/-/tsparticles-interaction-external-attract-2.10.1.tgz",
      "integrity": "sha512-n/G8YWmoBc8CxZgwPwRA858bWe0dyl/7HS7sUi72m64ptzZlMEcUzfMD6v+PoqTsypLRLN4vWIiGoczkZKxOuw==",
      "dependencies": {
        "tsparticles-engine": "^2.10.1"
      }
    },
    "node_modules/tsparticles-interaction-external-bounce": {
      "version": "2.10.1",
      "resolved": "https://registry.npmjs.org/tsparticles-interaction-external-bounce/-/tsparticles-interaction-external-bounce-2.10.1.tgz",
      "integrity": "sha512-XKsZ8eQJy3w+bjqJYbgOTs3BpL4ykB4Ank7xUNxOgkjtVz/YtUJyCEBlVN+2aRZGLnbFEs2ZZGQVIx+6wyjcCw==",
      "dependencies": {
        "tsparticles-engine": "^2.10.1"
      }
    },
    "node_modules/tsparticles-interaction-external-bubble": {
      "version": "2.10.1",
      "resolved": "https://registry.npmjs.org/tsparticles-interaction-external-bubble/-/tsparticles-interaction-external-bubble-2.10.1.tgz",
      "integrity": "sha512-tY2rySRyyn89K2bjE0gWXI5nuBZljjIW2UbY7rOqd7YeGm6FrcUfuuU1G0sG13cX/u0ufRYi0kDnzCvlfLqwJg==",
      "dependencies": {
        "tsparticles-engine": "^2.10.1"
      }
    },
    "node_modules/tsparticles-interaction-external-connect": {
      "version": "2.10.1",
      "resolved": "https://registry.npmjs.org/tsparticles-interaction-external-connect/-/tsparticles-interaction-external-connect-2.10.1.tgz",
      "integrity": "sha512-tNPlc0csQa9vrzSarlAw+K2YbB5EDU302OkejVUWc7h58hxpPgzR3Fy8O2CsFy8OC1Pw6MNUO+5grG+QvCMj3A==",
      "dependencies": {
        "tsparticles-engine": "^2.10.1"
      }
    },
    "node_modules/tsparticles-interaction-external-grab": {
      "version": "2.10.1",
      "resolved": "https://registry.npmjs.org/tsparticles-interaction-external-grab/-/tsparticles-interaction-external-grab-2.10.1.tgz",
      "integrity": "sha512-5HPjZ4BaRi0k6dUq3UBf/vQ+eMS/e2GERsFMQz8p1Efm7SLz3Uu6gDu3AnamKtzQLUPVtlaUIS+BCsFPZ6EM8w==",
      "dependencies": {
        "tsparticles-engine": "^2.10.1"
      }
    },
    "node_modules/tsparticles-interaction-external-pause": {
      "version": "2.10.1",
      "resolved": "https://registry.npmjs.org/tsparticles-interaction-external-pause/-/tsparticles-interaction-external-pause-2.10.1.tgz",
      "integrity": "sha512-eW5mh/+tM2ipKXyvDZ1MCj6pMTEBStzB+p4coVYfvn2mBXgviY1ktPbN4yGAJc8Fii6YdeqgKQxw7JHSFe6HbQ==",
      "dependencies": {
        "tsparticles-engine": "^2.10.1"
      }
    },
    "node_modules/tsparticles-interaction-external-push": {
      "version": "2.10.1",
      "resolved": "https://registry.npmjs.org/tsparticles-interaction-external-push/-/tsparticles-interaction-external-push-2.10.1.tgz",
      "integrity": "sha512-cjpEnjxN0OEIZwVRDVLdBIEnS0aYxOlV8K7TVtIDvWCAEWi52C+YnVu7XHzr9CGERVlBOElQSLua5CvoM0XYSA==",
      "dependencies": {
        "tsparticles-engine": "^2.10.1"
      }
    },
    "node_modules/tsparticles-interaction-external-remove": {
      "version": "2.10.1",
      "resolved": "https://registry.npmjs.org/tsparticles-interaction-external-remove/-/tsparticles-interaction-external-remove-2.10.1.tgz",
      "integrity": "sha512-6qi4Q61JkmOhPCOf8NXGqWHb1uMlp/BQteSWSEBR1a/jztcbzEpz90spYsObettfZaNDPqVSUiGN4uHtX747CA==",
      "dependencies": {
        "tsparticles-engine": "^2.10.1"
      }
    },
    "node_modules/tsparticles-interaction-external-repulse": {
      "version": "2.10.1",
      "resolved": "https://registry.npmjs.org/tsparticles-interaction-external-repulse/-/tsparticles-interaction-external-repulse-2.10.1.tgz",
      "integrity": "sha512-t4P9ReEBejBYP6Hjrm9jRioFcFTlEuahD1BK7roYaG2pvesBubCmIzS5Gzr79ZEvUQNpQ0r3KmYFIVZyBqaVbQ==",
      "dependencies": {
        "tsparticles-engine": "^2.10.1"
      }
    },
    "node_modules/tsparticles-interaction-external-slow": {
      "version": "2.10.1",
      "resolved": "https://registry.npmjs.org/tsparticles-interaction-external-slow/-/tsparticles-interaction-external-slow-2.10.1.tgz",
      "integrity": "sha512-XAnUscVedw/cMiGJIM7rJ+7RfJSLYWET1WT2eo86B/A3YrDawg2xL5QdzfqurKalvnwRBhAYjpQM0qp6w9//Pw==",
      "dependencies": {
        "tsparticles-engine": "^2.10.1"
      }
    },
    "node_modules/tsparticles-interaction-external-trail": {
      "version": "2.10.1",
      "resolved": "https://registry.npmjs.org/tsparticles-interaction-external-trail/-/tsparticles-interaction-external-trail-2.10.1.tgz",
      "integrity": "sha512-ubGdlLi7JPeunof4roAx/c1BAVWPHqwRcnZK61TPVF3yITsrWli3j5g52KU+kcPaqfdlnRB1rqB6dMjUU2omlA==",
      "dependencies": {
        "tsparticles-engine": "^2.10.1"
      }
    },
    "node_modules/tsparticles-interaction-particles-attract": {
      "version": "2.10.1",
      "resolved": "https://registry.npmjs.org/tsparticles-interaction-particles-attract/-/tsparticles-interaction-particles-attract-2.10.1.tgz",
      "integrity": "sha512-o7p8Te65HXMM/8Qev8wyA4if4W+5VtfD/hTziQEt5Fp3mdxXWdit7jgfvOYnphJoswD0Cr5rEEjvhGuHGoC3dw==",
      "dependencies": {
        "tsparticles-engine": "^2.10.1"
      }
    },
    "node_modules/tsparticles-interaction-particles-collisions": {
      "version": "2.10.1",
      "resolved": "https://registry.npmjs.org/tsparticles-interaction-particles-collisions/-/tsparticles-interaction-particles-collisions-2.10.1.tgz",
      "integrity": "sha512-xSijIyjhUOOZEvdk59HZJksBM8BXUbOtNHx7di7qguUmeQ+MeB2GbP8sje/xSEA1wAEzeD6FFBmOTtDlZQTWOg==",
      "dependencies": {
        "tsparticles-engine": "^2.10.1"
      }
    },
    "node_modules/tsparticles-interaction-particles-links": {
      "version": "2.10.1",
      "resolved": "https://registry.npmjs.org/tsparticles-interaction-particles-links/-/tsparticles-interaction-particles-links-2.10.1.tgz",
      "integrity": "sha512-O6NkvV5muOsitJkicW3eqwPCjkRDWZzY5Twq8NkqCKTXkzpQtow8ByTMKcIWsW1GR6ltylrgyCId5KMwLRArbA==",
      "dependencies": {
        "tsparticles-engine": "^2.10.1"
      }
    },
    "node_modules/tsparticles-move-base": {
      "version": "2.10.1",
      "resolved": "https://registry.npmjs.org/tsparticles-move-base/-/tsparticles-move-base-2.10.1.tgz",
      "integrity": "sha512-Q7JHIRPuJZw/Jz7vEeCePMR/69ace5rpWPqZ3+KLJnrtayxDEvj4tNRjnPtZusJ1Ve+wp0IxjOwrfGxeHxbmsQ==",
      "dependencies": {
        "tsparticles-engine": "^2.10.1"
      }
    },
    "node_modules/tsparticles-move-parallax": {
      "version": "2.10.1",
      "resolved": "https://registry.npmjs.org/tsparticles-move-parallax/-/tsparticles-move-parallax-2.10.1.tgz",
      "integrity": "sha512-FeP+rwanLZvFtftPjTbzJCTZa6kSgP2UWa9WL3VUWzXWTt2UKqPeahhtNqXyRvjqxtVlcZDxFeX7lOvdDHxTNA==",
      "dependencies": {
        "tsparticles-engine": "^2.10.1"
      }
    },
    "node_modules/tsparticles-particles.js": {
      "version": "2.10.1",
      "resolved": "https://registry.npmjs.org/tsparticles-particles.js/-/tsparticles-particles.js-2.10.1.tgz",
      "integrity": "sha512-9mtKrvAJ6bQVUvZlPfea48RwoKUM5qz/NYtXbxpPjJxfsHLnie6R6brHl+8DgrP710UO4rVN2jyPZLvwHWVfyQ==",
      "funding": [
        {
          "type": "github",
          "url": "https://github.com/sponsors/matteobruni"
        },
        {
          "type": "github",
          "url": "https://github.com/sponsors/tsparticles"
        },
        {
          "type": "buymeacoffee",
          "url": "https://www.buymeacoffee.com/matteobruni"
        }
      ],
      "dependencies": {
        "tsparticles-engine": "^2.10.1"
      }
    },
    "node_modules/tsparticles-plugin-absorbers": {
      "version": "2.10.1",
      "resolved": "https://registry.npmjs.org/tsparticles-plugin-absorbers/-/tsparticles-plugin-absorbers-2.10.1.tgz",
      "integrity": "sha512-OSQCtIrWyDJc32Q6hk1B0vWrMATTZtqeu2mGR1Jg5d2/Ur4q9QkDB5oSYmAT1LVCEz0aipyOwqMaRBh5a65S2Q==",
      "dependencies": {
        "tsparticles-engine": "^2.10.1"
      }
    },
    "node_modules/tsparticles-plugin-easing-quad": {
      "version": "2.10.1",
      "resolved": "https://registry.npmjs.org/tsparticles-plugin-easing-quad/-/tsparticles-plugin-easing-quad-2.10.1.tgz",
      "integrity": "sha512-KJHqsEgX4PSaG0gUE/oSd9kcxxRKuC+VbblN1YLsamMw1lPwNulxgh0hOWg3j87YasiUH+LkyC+XvyzF8/x8pQ==",
      "funding": [
        {
          "type": "github",
          "url": "https://github.com/sponsors/matteobruni"
        },
        {
          "type": "github",
          "url": "https://github.com/sponsors/tsparticles"
        },
        {
          "type": "buymeacoffee",
          "url": "https://www.buymeacoffee.com/matteobruni"
        }
      ],
      "dependencies": {
        "tsparticles-engine": "^2.10.1"
      }
    },
    "node_modules/tsparticles-plugin-emitters": {
      "version": "2.10.1",
      "resolved": "https://registry.npmjs.org/tsparticles-plugin-emitters/-/tsparticles-plugin-emitters-2.10.1.tgz",
      "integrity": "sha512-SHuPH0qYA70gWNeOzn3DXk9W/IjTMtbeYhHWLOruTThrcLgBT4bRI5ooLnITjraMaTYf4FWdl7Mi/1MRkT5yUg==",
      "dependencies": {
        "tsparticles-engine": "^2.10.1"
      }
    },
    "node_modules/tsparticles-shape-circle": {
      "version": "2.10.1",
      "resolved": "https://registry.npmjs.org/tsparticles-shape-circle/-/tsparticles-shape-circle-2.10.1.tgz",
      "integrity": "sha512-oWfoF1rwBNDS8X8EBZVwt/UF9wBqh3OpV71LxCvTE9lh73FeUeQZ9aSW46t9XODIsNBMPbnAQNkP1wz4zNiw2A==",
      "dependencies": {
        "tsparticles-engine": "^2.10.1"
      }
    },
    "node_modules/tsparticles-shape-image": {
      "version": "2.10.1",
      "resolved": "https://registry.npmjs.org/tsparticles-shape-image/-/tsparticles-shape-image-2.10.1.tgz",
      "integrity": "sha512-elayAfRPJquv9GhPYpWmDQ4oyRQqa1poxidyKL0qhnU35nyk2yW3fW2awX2QrBDdU+HusBQgP64k+v6HZApsdg==",
      "dependencies": {
        "tsparticles-engine": "^2.10.1"
      }
    },
    "node_modules/tsparticles-shape-line": {
      "version": "2.10.1",
      "resolved": "https://registry.npmjs.org/tsparticles-shape-line/-/tsparticles-shape-line-2.10.1.tgz",
      "integrity": "sha512-3BWNjY0l1vsvKJvMMjkFNtCts3YPOnnd9w4d0d19XXv03jWNbhXC159Xeho/w+jlVcQWsExMxhVPlJYLOPa+Qw==",
      "dependencies": {
        "tsparticles-engine": "^2.10.1"
      }
    },
    "node_modules/tsparticles-shape-polygon": {
      "version": "2.10.1",
      "resolved": "https://registry.npmjs.org/tsparticles-shape-polygon/-/tsparticles-shape-polygon-2.10.1.tgz",
      "integrity": "sha512-ycNJ9j3fNDkqh02J2NUQhNSXxXjQ/GYa9XIuy8dbUTfOrTcMnx7+u0dOSG8gcqp0F8EovLhOlansLYQbEuV4wQ==",
      "dependencies": {
        "tsparticles-engine": "^2.10.1"
      }
    },
    "node_modules/tsparticles-shape-square": {
      "version": "2.10.1",
      "resolved": "https://registry.npmjs.org/tsparticles-shape-square/-/tsparticles-shape-square-2.10.1.tgz",
      "integrity": "sha512-mThpV69K96piNuuti74t2xWKXUJ8fGBXVRg+s72lP34mTbF2O5S4A+HMQMixLLbiq1TFgcLGf7MfxRMRo9sZBA==",
      "dependencies": {
        "tsparticles-engine": "^2.10.1"
      }
    },
    "node_modules/tsparticles-shape-star": {
      "version": "2.10.1",
      "resolved": "https://registry.npmjs.org/tsparticles-shape-star/-/tsparticles-shape-star-2.10.1.tgz",
      "integrity": "sha512-IWydbZ+ttv8+yyC3OucZvOffyYDZxfsHQYg1w8pWS5p/CyB4Ln+dn0Jp7TDDz/Y7HEaEr4mIzMHyL7ZQTj2wIw==",
      "dependencies": {
        "tsparticles-engine": "^2.10.1"
      }
    },
    "node_modules/tsparticles-shape-text": {
      "version": "2.10.1",
      "resolved": "https://registry.npmjs.org/tsparticles-shape-text/-/tsparticles-shape-text-2.10.1.tgz",
      "integrity": "sha512-g2f3CPj/M4rKCKA18eKFOC6D90p+aToPFKzADVmJhDx7I3k5VAM/y/IDkQTDc1w6DmTOvEd5BY+QrYbfTvs+YQ==",
      "dependencies": {
        "tsparticles-engine": "^2.10.1"
      }
    },
    "node_modules/tsparticles-slim": {
      "version": "2.10.1",
      "resolved": "https://registry.npmjs.org/tsparticles-slim/-/tsparticles-slim-2.10.1.tgz",
      "integrity": "sha512-A2DMPfZKINQp4GtW2rVv435flaLAun8MMZnOEdZdpnk51tbPHiBTVybfzYZVSOK2B7z8uCzmaplTyYkyDZsk1A==",
      "funding": [
        {
          "type": "github",
          "url": "https://github.com/sponsors/matteobruni"
        },
        {
          "type": "github",
          "url": "https://github.com/sponsors/tsparticles"
        },
        {
          "type": "buymeacoffee",
          "url": "https://www.buymeacoffee.com/matteobruni"
        }
      ],
      "dependencies": {
        "tsparticles-engine": "^2.10.1",
        "tsparticles-interaction-external-attract": "^2.10.1",
        "tsparticles-interaction-external-bounce": "^2.10.1",
        "tsparticles-interaction-external-bubble": "^2.10.1",
        "tsparticles-interaction-external-connect": "^2.10.1",
        "tsparticles-interaction-external-grab": "^2.10.1",
        "tsparticles-interaction-external-pause": "^2.10.1",
        "tsparticles-interaction-external-push": "^2.10.1",
        "tsparticles-interaction-external-remove": "^2.10.1",
        "tsparticles-interaction-external-repulse": "^2.10.1",
        "tsparticles-interaction-external-slow": "^2.10.1",
        "tsparticles-interaction-particles-attract": "^2.10.1",
        "tsparticles-interaction-particles-collisions": "^2.10.1",
        "tsparticles-interaction-particles-links": "^2.10.1",
        "tsparticles-move-base": "^2.10.1",
        "tsparticles-move-parallax": "^2.10.1",
        "tsparticles-particles.js": "^2.10.1",
        "tsparticles-plugin-easing-quad": "^2.10.1",
        "tsparticles-shape-circle": "^2.10.1",
        "tsparticles-shape-image": "^2.10.1",
        "tsparticles-shape-line": "^2.10.1",
        "tsparticles-shape-polygon": "^2.10.1",
        "tsparticles-shape-square": "^2.10.1",
        "tsparticles-shape-star": "^2.10.1",
        "tsparticles-shape-text": "^2.10.1",
        "tsparticles-updater-color": "^2.10.1",
        "tsparticles-updater-life": "^2.10.1",
        "tsparticles-updater-opacity": "^2.10.1",
        "tsparticles-updater-out-modes": "^2.10.1",
        "tsparticles-updater-rotate": "^2.10.1",
        "tsparticles-updater-size": "^2.10.1",
        "tsparticles-updater-stroke-color": "^2.10.1"
      }
    },
    "node_modules/tsparticles-updater-color": {
      "version": "2.10.1",
      "resolved": "https://registry.npmjs.org/tsparticles-updater-color/-/tsparticles-updater-color-2.10.1.tgz",
      "integrity": "sha512-/7FCR/VzpOuiE0ztGEzzN4vNeLGbS9QUBX78OM59GDZujlHfjfWh1jqedyNXrhkb6mf08B3FZWiQWGysPeL31Q==",
      "dependencies": {
        "tsparticles-engine": "^2.10.1"
      }
    },
    "node_modules/tsparticles-updater-destroy": {
      "version": "2.10.1",
      "resolved": "https://registry.npmjs.org/tsparticles-updater-destroy/-/tsparticles-updater-destroy-2.10.1.tgz",
      "integrity": "sha512-lFTyVgLNt4x1T4jBHRs+V8gFUQKwXkMbeNF5JUNwlrmGBr/Mx0A36XBcJ4BKZR5+jWO1C6I8jgYzIrFPx6Z+MQ==",
      "dependencies": {
        "tsparticles-engine": "^2.10.1"
      }
    },
    "node_modules/tsparticles-updater-life": {
      "version": "2.10.1",
      "resolved": "https://registry.npmjs.org/tsparticles-updater-life/-/tsparticles-updater-life-2.10.1.tgz",
      "integrity": "sha512-qhd+uVxxGLS50bN75POU2lHgqBhXBpRmdY/RnW6mwHGrs5SgiU0XoM0il3+RoAnvpscWG/5ZgEXvpm7ZvbNUWA==",
      "dependencies": {
        "tsparticles-engine": "^2.10.1"
      }
    },
    "node_modules/tsparticles-updater-opacity": {
      "version": "2.10.1",
      "resolved": "https://registry.npmjs.org/tsparticles-updater-opacity/-/tsparticles-updater-opacity-2.10.1.tgz",
      "integrity": "sha512-l1FOevfK9CMz9cBRT5prQpHACijYJ+3dHvIfx0Y5M5Do4etoT+PurZxDpQlQU6Yd0vXKm3r37paPiQbH5U3Vqg==",
      "dependencies": {
        "tsparticles-engine": "^2.10.1"
      }
    },
    "node_modules/tsparticles-updater-out-modes": {
      "version": "2.10.1",
      "resolved": "https://registry.npmjs.org/tsparticles-updater-out-modes/-/tsparticles-updater-out-modes-2.10.1.tgz",
      "integrity": "sha512-nzP/puePd97FlME9gzmjwdQWoqm+O7GtnkbD33a4NBlzJMgtjbGtmz/Tmc4hLicb/qwS5D8j9xvB+srsuxT7LA==",
      "dependencies": {
        "tsparticles-engine": "^2.10.1"
      }
    },
    "node_modules/tsparticles-updater-roll": {
      "version": "2.10.1",
      "resolved": "https://registry.npmjs.org/tsparticles-updater-roll/-/tsparticles-updater-roll-2.10.1.tgz",
      "integrity": "sha512-5v43esqjPy/GbXXJKOqOF4fD7zndQFE7G5iqF76dp8RaG2V+tIb96j8+wx2B32K9VjEOk3XwOKjYnHtdpYPhvg==",
      "dependencies": {
        "tsparticles-engine": "^2.10.1"
      }
    },
    "node_modules/tsparticles-updater-rotate": {
      "version": "2.10.1",
      "resolved": "https://registry.npmjs.org/tsparticles-updater-rotate/-/tsparticles-updater-rotate-2.10.1.tgz",
      "integrity": "sha512-GWCyLrB0JaEY0nugFU5E22b/LjSF6Bv4q5dXsbtzqjD9Ka/DPMJ8js8bzJhNf3jftQzf6zBXf72W0kyZH79VIQ==",
      "dependencies": {
        "tsparticles-engine": "^2.10.1"
      }
    },
    "node_modules/tsparticles-updater-size": {
      "version": "2.10.1",
      "resolved": "https://registry.npmjs.org/tsparticles-updater-size/-/tsparticles-updater-size-2.10.1.tgz",
      "integrity": "sha512-Kdtskqm0CRrlsovOsJLcS6NXF0alJ6NlwmW7oWnTK6EeLvEKaqisG/hjcFf+l7eXlmL8j9rYgh6wctaef6GBCw==",
      "dependencies": {
        "tsparticles-engine": "^2.10.1"
      }
    },
    "node_modules/tsparticles-updater-stroke-color": {
      "version": "2.10.1",
      "resolved": "https://registry.npmjs.org/tsparticles-updater-stroke-color/-/tsparticles-updater-stroke-color-2.10.1.tgz",
      "integrity": "sha512-iYLO1y9lH0bOxxE5gPRdsYR5UVIvtxWpera8C5JBXaHywROkJ8CSXxA2pIe01kUIwIOcOv8j26RJvKNdttv9kQ==",
      "dependencies": {
        "tsparticles-engine": "^2.10.1"
      }
    },
    "node_modules/tsparticles-updater-tilt": {
      "version": "2.10.1",
      "resolved": "https://registry.npmjs.org/tsparticles-updater-tilt/-/tsparticles-updater-tilt-2.10.1.tgz",
      "integrity": "sha512-MLNZPSc+nM+M5KV9i6tHtzxqSIhQ9VQAuKOuKqHRxs3fkFXboc1dNKA5Ou16roi/efqpc1gXrtZvhPF+holp2Q==",
      "dependencies": {
        "tsparticles-engine": "^2.10.1"
      }
    },
    "node_modules/tsparticles-updater-twinkle": {
      "version": "2.10.1",
      "resolved": "https://registry.npmjs.org/tsparticles-updater-twinkle/-/tsparticles-updater-twinkle-2.10.1.tgz",
      "integrity": "sha512-Y+/34BCG2/tTm1lpHniNhh3P5M0u5i6qjt/MGquR6yXzQqjmRkhW29vtqd8tZcVx4KZ7Rj0mOUIHFX8bc3YRHQ==",
      "dependencies": {
        "tsparticles-engine": "^2.10.1"
      }
    },
    "node_modules/tsparticles-updater-wobble": {
      "version": "2.10.1",
      "resolved": "https://registry.npmjs.org/tsparticles-updater-wobble/-/tsparticles-updater-wobble-2.10.1.tgz",
      "integrity": "sha512-Kf5MfhjkXKlB0hiZPUJCv0PCxRH2E1nmyUnqu05xSZGjQDTS+A/uNtUvIA1nrq7l38VVgpRREtnYka2whOhzwQ==",
      "dependencies": {
        "tsparticles-engine": "^2.10.1"
      }
    },
    "node_modules/type-detect": {
      "version": "4.0.8",
      "resolved": "https://registry.npmjs.org/type-detect/-/type-detect-4.0.8.tgz",
      "integrity": "sha512-0fr/mIH1dlO+x7TlcMy+bIDqKPsw/70tVyeHW787goQjhmqaZe10uwLujubK9q9Lg6Fiho1KUKDYz0Z7k7g5/g==",
      "engines": {
        "node": ">=4"
      }
    },
    "node_modules/zod": {
      "version": "3.21.4",
      "resolved": "https://registry.npmjs.org/zod/-/zod-3.21.4.tgz",
      "integrity": "sha512-m46AKbrzKVzOzs/DZgVnG5H55N1sv1M8qZU3A8RIKbs3mrACDNeIOeilDymVb2HdmP8uwshOCF4uJ8uM9rCqJw==",
      "funding": {
        "url": "https://github.com/sponsors/colinhacks"
      }
    }
  }
}
